
Microsoft Visual Studio Solution File, Format Version 12.00
# Visual Studio Version 16
VisualStudioVersion = 16.0.29521.150
MinimumVisualStudioVersion = 10.0.40219.1
Project("{FAE04EC0-301F-11D3-BF4B-00C04F79EFBC}") = "DapperDemo.Demo1", "DapperDemo.Demo1\DapperDemo.Demo1.csproj", "{1807C6A3-0A1E-40A7-B981-D085DBE5CCA1}"
EndProject
Project("{FAE04EC0-301F-11D3-BF4B-00C04F79EFBC}") = "DapperDemo.DataContract", "DapperDemo.DataContract\DapperDemo.DataContract.csproj", "{4BD0892B-CFD3-47CB-8F85-9F45927297EE}"
EndProject
Project("{FAE04EC0-301F-11D3-BF4B-00C04F79EFBC}") = "Utility", "Utility\Utility.csproj", "{3DDEA93F-D7BE-4CAA-B6FB-756C3C615889}"
EndProject
Project("{FAE04EC0-301F-11D3-BF4B-00C04F79EFBC}") = "DapperDemo.Demo2", "DapperDemo.Demo2\DapperDemo.Demo2.csproj", "{83574599-7725-416B-8C7F-5931B21AA29B}"
EndProject
Project("{FAE04EC0-301F-11D3-BF4B-00C04F79EFBC}") = "DapperDemo.Demo3", "DapperDemo.Demo3\DapperDemo.Demo3.csproj", "{0D90A098-E9D7-48B7-B5B4-393217D82A71}"
EndProject
Global
	GlobalSection(SolutionConfigurationPlatforms) = preSolution
		Debug|Any CPU = Debug|Any CPU
		Release|Any CPU = Release|Any CPU
	EndGlobalSection
	GlobalSection(ProjectConfigurationPlatforms) = postSolution
		{1807C6A3-0A1E-40A7-B981-D085DBE5CCA1}.Debug|Any CPU.ActiveCfg = Debug|Any CPU
		{1807C6A3-0A1E-40A7-B981-D085DBE5CCA1}.Debug|Any CPU.Build.0 = Debug|Any CPU
		{1807C6A3-0A1E-40A7-B981-D085DBE5CCA1}.Release|Any CPU.ActiveCfg = Release|Any CPU
		{1807C6A3-0A1E-40A7-B981-D085DBE5CCA1}.Release|Any CPU.Build.0 = Release|Any CPU
		{4BD0892B-CFD3-47CB-8F85-9F45927297EE}.Debug|Any CPU.ActiveCfg = Debug|Any CPU
		{4BD0892B-CFD3-47CB-8F85-9F45927297EE}.Debug|Any CPU.Build.0 = Debug|Any CPU
		{4BD0892B-CFD3-47CB-8F85-9F45927297EE}.Release|Any CPU.ActiveCfg = Release|Any CPU
		{4BD0892B-CFD3-47CB-8F85-9F45927297EE}.Release|Any CPU.Build.0 = Release|Any CPU
		{3DDEA93F-D7BE-4CAA-B6FB-756C3C615889}.Debug|Any CPU.ActiveCfg = Debug|Any CPU
		{3DDEA93F-D7BE-4CAA-B6FB-756C3C615889}.Debug|Any CPU.Build.0 = Debug|Any CPU
		{3DDEA93F-D7BE-4CAA-B6FB-756C3C615889}.Release|Any CPU.ActiveCfg = Release|Any CPU
		{3DDEA93F-D7BE-4CAA-B6FB-756C3C615889}.Release|Any CPU.Build.0 = Release|Any CPU
		{83574599-7725-416B-8C7F-5931B21AA29B}.Debug|Any CPU.ActiveCfg = Debug|Any CPU
		{83574599-7725-416B-8C7F-5931B21AA29B}.Debug|Any CPU.Build.0 = Debug|Any CPU
		{83574599-7725-416B-8C7F-5931B21AA29B}.Release|Any CPU.ActiveCfg = Release|Any CPU
		{83574599-7725-416B-8C7F-5931B21AA29B}.Release|Any CPU.Build.0 = Release|Any CPU
		{0D90A098-E9D7-48B7-B5B4-393217D82A71}.Debug|Any CPU.ActiveCfg = Debug|Any CPU
		{0D90A098-E9D7-48B7-B5B4-393217D82A71}.Debug|Any CPU.Build.0 = Debug|Any CPU
		{0D90A098-E9D7-48B7-B5B4-393217D82A71}.Release|Any CPU.ActiveCfg = Release|Any CPU
		{0D90A098-E9D7-48B7-B5B4-393217D82A71}.Release|Any CPU.Build.0 = Release|Any CPU
	EndGlobalSection
	GlobalSection(SolutionProperties) = preSolution
		HideSolutionNode = FALSE
	EndGlobalSection
	GlobalSection(ExtensibilityGlobals) = postSolution
		SolutionGuid = {962B6A7C-5472-4F04-9FA9-A5962F42963D}
	EndGlobalSection
EndGlobal
