
Microsoft Visual Studio Solution File, Format Version 12.00
# Visual Studio Version 16
VisualStudioVersion = 16.0.29820.132
MinimumVisualStudioVersion = 10.0.40219.1
Project("{FAE04EC0-301F-11D3-BF4B-00C04F79EFBC}") = "MVVM.Demo1", "MVVM.Demo1\MVVM.Demo1.csproj", "{0FCA286F-4010-45C7-8FC8-BAFB3B423948}"
EndProject
Project("{FAE04EC0-301F-11D3-BF4B-00C04F79EFBC}") = "DataContract", "DataContract\DataContract.csproj", "{E626D840-5C2A-42D2-9FA1-A162E0C513D5}"
EndProject
Project("{FAE04EC0-301F-11D3-BF4B-00C04F79EFBC}") = "MVVM.Demo2", "MVVM.Demo2\MVVM.Demo2.csproj", "{A6437F96-74A8-41CE-A8B9-38B2FAC08AD4}"
	ProjectSection(ProjectDependencies) = postProject
		{D64B19E1-C248-47DB-9E66-7BDC883F1F55} = {D64B19E1-C248-47DB-9E66-7BDC883F1F55}
	EndProjectSection
EndProject
Project("{FAE04EC0-301F-11D3-BF4B-00C04F79EFBC}") = "MVVM.Demo3", "MVVM.Demo3\MVVM.Demo3.csproj", "{7A3715AE-E982-4808-891E-838DA291B8C8}"
	ProjectSection(ProjectDependencies) = postProject
		{D64B19E1-C248-47DB-9E66-7BDC883F1F55} = {D64B19E1-C248-47DB-9E66-7BDC883F1F55}
	EndProjectSection
EndProject
Project("{FAE04EC0-301F-11D3-BF4B-00C04F79EFBC}") = "DataService", "DataService\DataService.csproj", "{D64B19E1-C248-47DB-9E66-7BDC883F1F55}"
EndProject
Project("{9A19103F-16F7-4668-BE54-9A1E7A4F7556}") = "MVVM.Demo4", "MVVM.Demo4\MVVM.Demo4.csproj", "{3EF8924C-DA29-44D9-A443-A4CB12D9D5EC}"
EndProject
Project("{9A19103F-16F7-4668-BE54-9A1E7A4F7556}") = "DialogProvider", "DialogProvider\DialogProvider.csproj", "{A9F1F007-76DE-4704-86F3-099693EF7B8A}"
EndProject
Project("{9A19103F-16F7-4668-BE54-9A1E7A4F7556}") = "IoCSimpleDemo", "MVVM.IoCSimpleDemo\IoCSimpleDemo.csproj", "{E8240AD1-3140-4499-98B5-A2EC7B24B890}"
EndProject
Project("{9A19103F-16F7-4668-BE54-9A1E7A4F7556}") = "MVVM.Demo5", "MVVM.Demo5\MVVM.Demo5.csproj", "{50ED4A91-00E2-4CE7-8009-2C3E1DFF7B49}"
EndProject
Global
	GlobalSection(SolutionConfigurationPlatforms) = preSolution
		Debug|Any CPU = Debug|Any CPU
		Release|Any CPU = Release|Any CPU
	EndGlobalSection
	GlobalSection(ProjectConfigurationPlatforms) = postSolution
		{0FCA286F-4010-45C7-8FC8-BAFB3B423948}.Debug|Any CPU.ActiveCfg = Debug|Any CPU
		{0FCA286F-4010-45C7-8FC8-BAFB3B423948}.Debug|Any CPU.Build.0 = Debug|Any CPU
		{0FCA286F-4010-45C7-8FC8-BAFB3B423948}.Release|Any CPU.ActiveCfg = Release|Any CPU
		{0FCA286F-4010-45C7-8FC8-BAFB3B423948}.Release|Any CPU.Build.0 = Release|Any CPU
		{E626D840-5C2A-42D2-9FA1-A162E0C513D5}.Debug|Any CPU.ActiveCfg = Debug|Any CPU
		{E626D840-5C2A-42D2-9FA1-A162E0C513D5}.Debug|Any CPU.Build.0 = Debug|Any CPU
		{E626D840-5C2A-42D2-9FA1-A162E0C513D5}.Release|Any CPU.ActiveCfg = Release|Any CPU
		{E626D840-5C2A-42D2-9FA1-A162E0C513D5}.Release|Any CPU.Build.0 = Release|Any CPU
		{A6437F96-74A8-41CE-A8B9-38B2FAC08AD4}.Debug|Any CPU.ActiveCfg = Debug|Any CPU
		{A6437F96-74A8-41CE-A8B9-38B2FAC08AD4}.Debug|Any CPU.Build.0 = Debug|Any CPU
		{A6437F96-74A8-41CE-A8B9-38B2FAC08AD4}.Release|Any CPU.ActiveCfg = Release|Any CPU
		{A6437F96-74A8-41CE-A8B9-38B2FAC08AD4}.Release|Any CPU.Build.0 = Release|Any CPU
		{7A3715AE-E982-4808-891E-838DA291B8C8}.Debug|Any CPU.ActiveCfg = Debug|Any CPU
		{7A3715AE-E982-4808-891E-838DA291B8C8}.Debug|Any CPU.Build.0 = Debug|Any CPU
		{7A3715AE-E982-4808-891E-838DA291B8C8}.Release|Any CPU.ActiveCfg = Release|Any CPU
		{7A3715AE-E982-4808-891E-838DA291B8C8}.Release|Any CPU.Build.0 = Release|Any CPU
		{D64B19E1-C248-47DB-9E66-7BDC883F1F55}.Debug|Any CPU.ActiveCfg = Debug|Any CPU
		{D64B19E1-C248-47DB-9E66-7BDC883F1F55}.Debug|Any CPU.Build.0 = Debug|Any CPU
		{D64B19E1-C248-47DB-9E66-7BDC883F1F55}.Release|Any CPU.ActiveCfg = Release|Any CPU
		{D64B19E1-C248-47DB-9E66-7BDC883F1F55}.Release|Any CPU.Build.0 = Release|Any CPU
		{3EF8924C-DA29-44D9-A443-A4CB12D9D5EC}.Debug|Any CPU.ActiveCfg = Debug|Any CPU
		{3EF8924C-DA29-44D9-A443-A4CB12D9D5EC}.Debug|Any CPU.Build.0 = Debug|Any CPU
		{3EF8924C-DA29-44D9-A443-A4CB12D9D5EC}.Release|Any CPU.ActiveCfg = Release|Any CPU
		{3EF8924C-DA29-44D9-A443-A4CB12D9D5EC}.Release|Any CPU.Build.0 = Release|Any CPU
		{A9F1F007-76DE-4704-86F3-099693EF7B8A}.Debug|Any CPU.ActiveCfg = Debug|Any CPU
		{A9F1F007-76DE-4704-86F3-099693EF7B8A}.Debug|Any CPU.Build.0 = Debug|Any CPU
		{A9F1F007-76DE-4704-86F3-099693EF7B8A}.Release|Any CPU.ActiveCfg = Release|Any CPU
		{A9F1F007-76DE-4704-86F3-099693EF7B8A}.Release|Any CPU.Build.0 = Release|Any CPU
		{E8240AD1-3140-4499-98B5-A2EC7B24B890}.Debug|Any CPU.ActiveCfg = Debug|Any CPU
		{E8240AD1-3140-4499-98B5-A2EC7B24B890}.Debug|Any CPU.Build.0 = Debug|Any CPU
		{E8240AD1-3140-4499-98B5-A2EC7B24B890}.Release|Any CPU.ActiveCfg = Release|Any CPU
		{E8240AD1-3140-4499-98B5-A2EC7B24B890}.Release|Any CPU.Build.0 = Release|Any CPU
		{50ED4A91-00E2-4CE7-8009-2C3E1DFF7B49}.Debug|Any CPU.ActiveCfg = Debug|Any CPU
		{50ED4A91-00E2-4CE7-8009-2C3E1DFF7B49}.Debug|Any CPU.Build.0 = Debug|Any CPU
		{50ED4A91-00E2-4CE7-8009-2C3E1DFF7B49}.Release|Any CPU.ActiveCfg = Release|Any CPU
		{50ED4A91-00E2-4CE7-8009-2C3E1DFF7B49}.Release|Any CPU.Build.0 = Release|Any CPU
	EndGlobalSection
	GlobalSection(SolutionProperties) = preSolution
		HideSolutionNode = FALSE
	EndGlobalSection
	GlobalSection(ExtensibilityGlobals) = postSolution
		SolutionGuid = {128BA5F3-0B19-4E81-B92E-47D0D5518F27}
	EndGlobalSection
EndGlobal
